
Microsoft Visual Studio Solution File, Format Version 12.00
# Visual Studio 14
VisualStudioVersion = 14.0.25123.0
MinimumVisualStudioVersion = 10.0.40219.1
Project("{FAE04EC0-301F-11D3-BF4B-00C04F79EFBC}") = "Util", "Util\Util.csproj", "{42294556-26E7-4EE6-A3FA-F0095D67AE4F}"
EndProject
Project("{FAE04EC0-301F-11D3-BF4B-00C04F79EFBC}") = "Util.Tests", "Util.Tests\Util.Tests.csproj", "{F9434D30-9A91-42CB-9779-53D3BEA173B3}"
EndProject
Project("{2150E333-8FDC-42A3-9474-1A3956D46DE8}") = "01-Core", "01-Core", "{0352ABC8-2217-43F4-BAB5-558673EAC9F3}"
EndProject
Project("{FAE04EC0-301F-11D3-BF4B-00C04F79EFBC}") = "Util.Domains", "Util.Domains\Util.Domains.csproj", "{DC910E44-356A-4C7E-87B8-0A9570EE3411}"
EndProject
Project("{FAE04EC0-301F-11D3-BF4B-00C04F79EFBC}") = "Util.Domains.Tests", "Util.Domains.Tests\Util.Domains.Tests.csproj", "{E341D997-4337-4A20-A593-F3CF13F01869}"
EndProject
Project("{2150E333-8FDC-42A3-9474-1A3956D46DE8}") = "02-Domain", "02-Domain", "{F426864B-8051-41C4-9C9B-B0FEF6A909EE}"
EndProject
Global
	GlobalSection(SolutionConfigurationPlatforms) = preSolution
		Debug|Any CPU = Debug|Any CPU
		Release|Any CPU = Release|Any CPU
	EndGlobalSection
	GlobalSection(ProjectConfigurationPlatforms) = postSolution
		{42294556-26E7-4EE6-A3FA-F0095D67AE4F}.Debug|Any CPU.ActiveCfg = Debug|Any CPU
		{42294556-26E7-4EE6-A3FA-F0095D67AE4F}.Debug|Any CPU.Build.0 = Debug|Any CPU
		{42294556-26E7-4EE6-A3FA-F0095D67AE4F}.Release|Any CPU.ActiveCfg = Release|Any CPU
		{42294556-26E7-4EE6-A3FA-F0095D67AE4F}.Release|Any CPU.Build.0 = Release|Any CPU
		{F9434D30-9A91-42CB-9779-53D3BEA173B3}.Debug|Any CPU.ActiveCfg = Debug|Any CPU
		{F9434D30-9A91-42CB-9779-53D3BEA173B3}.Debug|Any CPU.Build.0 = Debug|Any CPU
		{F9434D30-9A91-42CB-9779-53D3BEA173B3}.Release|Any CPU.ActiveCfg = Release|Any CPU
		{F9434D30-9A91-42CB-9779-53D3BEA173B3}.Release|Any CPU.Build.0 = Release|Any CPU
		{DC910E44-356A-4C7E-87B8-0A9570EE3411}.Debug|Any CPU.ActiveCfg = Debug|Any CPU
		{DC910E44-356A-4C7E-87B8-0A9570EE3411}.Debug|Any CPU.Build.0 = Debug|Any CPU
		{DC910E44-356A-4C7E-87B8-0A9570EE3411}.Release|Any CPU.ActiveCfg = Release|Any CPU
		{DC910E44-356A-4C7E-87B8-0A9570EE3411}.Release|Any CPU.Build.0 = Release|Any CPU
		{E341D997-4337-4A20-A593-F3CF13F01869}.Debug|Any CPU.ActiveCfg = Debug|Any CPU
		{E341D997-4337-4A20-A593-F3CF13F01869}.Debug|Any CPU.Build.0 = Debug|Any CPU
		{E341D997-4337-4A20-A593-F3CF13F01869}.Release|Any CPU.ActiveCfg = Release|Any CPU
		{E341D997-4337-4A20-A593-F3CF13F01869}.Release|Any CPU.Build.0 = Release|Any CPU
	EndGlobalSection
	GlobalSection(SolutionProperties) = preSolution
		HideSolutionNode = FALSE
	EndGlobalSection
	GlobalSection(NestedProjects) = preSolution
		{42294556-26E7-4EE6-A3FA-F0095D67AE4F} = {0352ABC8-2217-43F4-BAB5-558673EAC9F3}
		{F9434D30-9A91-42CB-9779-53D3BEA173B3} = {0352ABC8-2217-43F4-BAB5-558673EAC9F3}
		{DC910E44-356A-4C7E-87B8-0A9570EE3411} = {F426864B-8051-41C4-9C9B-B0FEF6A909EE}
		{E341D997-4337-4A20-A593-F3CF13F01869} = {F426864B-8051-41C4-9C9B-B0FEF6A909EE}
	EndGlobalSection
EndGlobal
